
Microsoft Visual Studio Solution File, Format Version 12.00
# Visual Studio 14
VisualStudioVersion = 14.0.25420.1
MinimumVisualStudioVersion = 10.0.40219.1
Project("{FAE04EC0-301F-11D3-BF4B-00C04F79EFBC}") = "ABCFarmacy.MTS.API", "ABCFarmacy.MTS.API\ABCFarmacy.MTS.API.csproj", "{D59641D4-C858-4286-BADF-9678B822E930}"
EndProject
Project("{FAE04EC0-301F-11D3-BF4B-00C04F79EFBC}") = "ABCFarmacy.MTS.BL", "ABCFarmacy.MTS.BL\ABCFarmacy.MTS.BL.csproj", "{714A0BC8-C593-4263-9A3F-2C4EA69E8C4C}"
EndProject
Global
	GlobalSection(SolutionConfigurationPlatforms) = preSolution
		Debug|Any CPU = Debug|Any CPU
		Release|Any CPU = Release|Any CPU
	EndGlobalSection
	GlobalSection(ProjectConfigurationPlatforms) = postSolution
		{D59641D4-C858-4286-BADF-9678B822E930}.Debug|Any CPU.ActiveCfg = Debug|Any CPU
		{D59641D4-C858-4286-BADF-9678B822E930}.Debug|Any CPU.Build.0 = Debug|Any CPU
		{D59641D4-C858-4286-BADF-9678B822E930}.Release|Any CPU.ActiveCfg = Release|Any CPU
		{D59641D4-C858-4286-BADF-9678B822E930}.Release|Any CPU.Build.0 = Release|Any CPU
		{714A0BC8-C593-4263-9A3F-2C4EA69E8C4C}.Debug|Any CPU.ActiveCfg = Debug|Any CPU
		{714A0BC8-C593-4263-9A3F-2C4EA69E8C4C}.Debug|Any CPU.Build.0 = Debug|Any CPU
		{714A0BC8-C593-4263-9A3F-2C4EA69E8C4C}.Release|Any CPU.ActiveCfg = Release|Any CPU
		{714A0BC8-C593-4263-9A3F-2C4EA69E8C4C}.Release|Any CPU.Build.0 = Release|Any CPU
	EndGlobalSection
	GlobalSection(SolutionProperties) = preSolution
		HideSolutionNode = FALSE
	EndGlobalSection
EndGlobal
